
Microsoft Visual Studio Solution File, Format Version 12.00
# Visual Studio 15
VisualStudioVersion = 15.0.27130.2026
MinimumVisualStudioVersion = 10.0.40219.1
Project("{9A19103F-16F7-4668-BE54-9A1E7A4F7556}") = "TicketTrader.Web", "TicketTrader.Web\TicketTrader.Web.csproj", "{A55175A8-00A9-40B9-BEEB-2199A0876396}"
EndProject
Project("{E53339B2-1760-4266-BCC7-CA923CBCF16C}") = "docker-compose", "docker-compose.dcproj", "{23BCB132-CBE8-402C-8D5F-76572C191A95}"
EndProject
Project("{9A19103F-16F7-4668-BE54-9A1E7A4F7556}") = "TicketTrader.Identity", "TicketTrader.Identity\TicketTrader.Identity.csproj", "{AB78B349-C4AC-4481-923E-D02BCF48E881}"
EndProject
Project("{9A19103F-16F7-4668-BE54-9A1E7A4F7556}") = "TicketTrader.Api", "TicketTrader.Api\TicketTrader.Api.csproj", "{66DF1559-D949-4D21-8B1A-409E43A3FE75}"
EndProject
Project("{9A19103F-16F7-4668-BE54-9A1E7A4F7556}") = "TicketTrader.Api.Client", "TicketTrader.Api.Client\TicketTrader.Api.Client.csproj", "{C56777D1-7790-4111-AD78-4E8E68CF7F01}"
EndProject
Project("{2150E333-8FDC-42A3-9474-1A3956D46DE8}") = "Tools", "Tools", "{F327FA00-A0F4-403F-AF1B-384BF09119B7}"
EndProject
Project("{9A19103F-16F7-4668-BE54-9A1E7A4F7556}") = "TicketTrader.Management", "TicketTrader.Management\TicketTrader.Management.csproj", "{A666B494-65BB-4454-8856-3C890D0F049F}"
EndProject
Project("{2150E333-8FDC-42A3-9474-1A3956D46DE8}") = "Payments", "Payments", "{3775C52D-8F36-4038-8D1A-7AF557B9E7D0}"
EndProject
Project("{2150E333-8FDC-42A3-9474-1A3956D46DE8}") = "EventDefinitions", "EventDefinitions", "{792102B0-272E-4915-ADAB-4914A55541B0}"
EndProject
Project("{2150E333-8FDC-42A3-9474-1A3956D46DE8}") = "Services", "Services", "{F8941931-4BB8-40B0-B380-579D2B6BE623}"
EndProject
Project("{2150E333-8FDC-42A3-9474-1A3956D46DE8}") = "Support", "Support", "{3181434B-8045-4768-A4DB-D202D83BD30E}"
EndProject
Project("{2150E333-8FDC-42A3-9474-1A3956D46DE8}") = "Apps", "Apps", "{B42CB026-24E1-4832-A35E-B5B3822E7770}"
EndProject
Project("{9A19103F-16F7-4668-BE54-9A1E7A4F7556}") = "TicketTrader.EventDefinitions.EntityFramework", "TicketTrader.EventDefinitions.EntityFramework\TicketTrader.EventDefinitions.EntityFramework.csproj", "{1ACEC307-5AED-4816-AFE0-2C5B52204C02}"
EndProject
Project("{9A19103F-16F7-4668-BE54-9A1E7A4F7556}") = "TicketTrader.EventDefinitions.EntityFramework.Migrator", "TicketTrader.EventDefinitions.EntityFramework.Migrator\TicketTrader.EventDefinitions.EntityFramework.Migrator.csproj", "{7D97E85B-519D-49DF-B633-55CC18BD30C6}"
EndProject
Project("{9A19103F-16F7-4668-BE54-9A1E7A4F7556}") = "TicketTrader.EventDefinitions", "TicketTrader.EventDefinitions\TicketTrader.EventDefinitions.csproj", "{ED8B3EB7-0393-47A3-A955-6F4F74081ECA}"
EndProject
Project("{2150E333-8FDC-42A3-9474-1A3956D46DE8}") = "Shared", "Shared", "{CD75D55B-0CA2-4D6E-8A72-55A14DAAA162}"
EndProject
Project("{9A19103F-16F7-4668-BE54-9A1E7A4F7556}") = "TicketTrader.Shared.Base", "TicketTrader.Shared.Base\TicketTrader.Shared.Base.csproj", "{2D8D1CDA-4622-42C2-B7E3-C5377C19DD01}"
EndProject
Project("{9A19103F-16F7-4668-BE54-9A1E7A4F7556}") = "TicketTrader.Shared.Kernel", "TicketTrader.Shared.Kernel\TicketTrader.Shared.Kernel.csproj", "{EB84C3A7-F18C-480C-9D22-AF8D42BE7C99}"
EndProject
Project("{9A19103F-16F7-4668-BE54-9A1E7A4F7556}") = "TicketTrader.Payments.Tests", "TicketTrader.Payments.Tests\TicketTrader.Payments.Tests.csproj", "{3E4221C0-7E1E-45A1-9706-028F1712A08B}"
EndProject
Project("{9A19103F-16F7-4668-BE54-9A1E7A4F7556}") = "TicketTrader.Shared.Test", "TicketTrader.Shared.Test\TicketTrader.Shared.Test.csproj", "{350F0BA8-8910-4C8C-8F90-C6E6DDD69C75}"
EndProject
Project("{9A19103F-16F7-4668-BE54-9A1E7A4F7556}") = "TicketTrader.Infrastructure", "TicketTrader.Infrastructure\TicketTrader.Infrastructure.csproj", "{1880B7DA-A713-49B2-8362-B43411D6342B}"
EndProject
Project("{9A19103F-16F7-4668-BE54-9A1E7A4F7556}") = "TicketTrader.Tools.SeedDb", "TicketTrader.Tools.SeedDb\TicketTrader.Tools.SeedDb.csproj", "{1124434C-A658-4A2F-AE82-8AEE42B29FB6}"
EndProject
Project("{9A19103F-16F7-4668-BE54-9A1E7A4F7556}") = "TicketTrader.Tools.SvgIndexer", "TicketTrader.Tools.SvgIndexer\TicketTrader.Tools.SvgIndexer.csproj", "{1E5D798C-7F5D-4C9C-91E4-F0A366E5AAA0}"
EndProject
Project("{9A19103F-16F7-4668-BE54-9A1E7A4F7556}") = "TicketTrader.Payments", "TicketTrader.Payments\TicketTrader.Payments.csproj", "{95814170-3CBE-4FBE-BB16-BFD0900CB2DF}"
EndProject
Project("{9A19103F-16F7-4668-BE54-9A1E7A4F7556}") = "TicketTrader.EventDefinitions.Gateway", "TicketTrader.EventDefinitions.Gateway\TicketTrader.EventDefinitions.Gateway.csproj", "{CDA898D3-3316-4267-B3CB-85D217D407C8}"
EndProject
Project("{9A19103F-16F7-4668-BE54-9A1E7A4F7556}") = "TicketTrader.EventDefinitions.Gateway.Client", "TicketTrader.EventDefinitions.Gateway.Client\TicketTrader.EventDefinitions.Gateway.Client.csproj", "{B40BD316-1C0D-4430-8949-D9FFFE9EB473}"
EndProject
Project("{9A19103F-16F7-4668-BE54-9A1E7A4F7556}") = "TicketTrader.Shared.AspNet", "TicketTrader.Shared.AspNet\TicketTrader.Shared.AspNet.csproj", "{EEEBF4D7-373E-4FB2-B92B-D4BD5F755E7E}"
EndProject
Project("{2150E333-8FDC-42A3-9474-1A3956D46DE8}") = "Customers", "Customers", "{6FDD80B1-F78B-4DEE-86E9-CDA34F378545}"
EndProject
Project("{2150E333-8FDC-42A3-9474-1A3956D46DE8}") = "Orders", "Orders", "{59D424F5-BEAC-4723-9035-DC1F8EAF8E2C}"
EndProject
Project("{9A19103F-16F7-4668-BE54-9A1E7A4F7556}") = "TicketTrader.Orders", "TicketTrader.Orders\TicketTrader.Orders.csproj", "{B1357C2A-2678-49FD-919D-39295BE72F60}"
EndProject
Project("{9A19103F-16F7-4668-BE54-9A1E7A4F7556}") = "TicketTrader.Orders.Tests", "TicketTrader.Orders.Tests\TicketTrader.Orders.Tests.csproj", "{EC89817A-F6F9-4DCE-8D70-CB3D478751A2}"
EndProject
Project("{9A19103F-16F7-4668-BE54-9A1E7A4F7556}") = "TicketTrader.Customers", "TicketTrader.Customers\TicketTrader.Customers.csproj", "{74F2F440-7BC3-4C1B-964E-BF4BD19837AF}"
EndProject
Project("{9A19103F-16F7-4668-BE54-9A1E7A4F7556}") = "TicketTrader.Customers.Tests", "TicketTrader.Customers.Tests\TicketTrader.Customers.Tests.csproj", "{00E05473-A014-4057-8F98-2758E0F2BAAE}"
EndProject
Project("{9A19103F-16F7-4668-BE54-9A1E7A4F7556}") = "TicketTrader.Shared.Bus.RabbitMq", "TicketTrader.Shared.Bus.RabbitMq\TicketTrader.Shared.Bus.RabbitMq.csproj", "{4D11DC85-E117-4E7B-B5DA-8C3163BD0D4D}"
EndProject
Project("{9A19103F-16F7-4668-BE54-9A1E7A4F7556}") = "TicketTrader.Customers.Canonical", "TicketTrader.Customers.Canonical\TicketTrader.Customers.Canonical.csproj", "{98E4980D-16C8-4779-9E40-2DAA29EC1260}"
EndProject
Project("{9A19103F-16F7-4668-BE54-9A1E7A4F7556}") = "TicketTrader.Api.Services", "TicketTrader.Api.Services\TicketTrader.Api.Services.csproj", "{E1596E5F-C922-4C31-BA88-E59A84AC00EC}"
EndProject
Project("{9A19103F-16F7-4668-BE54-9A1E7A4F7556}") = "TicketTrader.Shared.Persistence.Mongo", "TicketTrader.Shared.Persistence.Mongo\TicketTrader.Shared.Persistence.Mongo.csproj", "{5AD0B9EE-B403-41BA-B085-89DC8213656F}"
EndProject
Project("{9A19103F-16F7-4668-BE54-9A1E7A4F7556}") = "TicketTrader.Customers.Host", "TicketTrader.Customers.Host\TicketTrader.Customers.Host.csproj", "{B8E4094F-CC13-45D9-8D24-09645D7CC1CC}"
EndProject
Project("{9A19103F-16F7-4668-BE54-9A1E7A4F7556}") = "TicketTrader.Customers.Persistence.Mongo", "TicketTrader.Customers.Persistence.Mongo\TicketTrader.Customers.Persistence.Mongo.csproj", "{92923210-FEBA-4127-8EBD-25A7F79B91A5}"
EndProject
Project("{9A19103F-16F7-4668-BE54-9A1E7A4F7556}") = "TicketTrader.Payments.Canonical", "TicketTrader.Payments.Canonical\TicketTrader.Payments.Canonical.csproj", "{787C45FF-37CA-4B23-BA60-67FD539DD46A}"
EndProject
Project("{9A19103F-16F7-4668-BE54-9A1E7A4F7556}") = "TicketTrader.Payments.Host", "TicketTrader.Payments.Host\TicketTrader.Payments.Host.csproj", "{30DCE82D-CC9E-4C91-9E2F-E310A5942375}"
EndProject
Project("{9A19103F-16F7-4668-BE54-9A1E7A4F7556}") = "TicketTrader.Payments.Persistence.Mongo", "TicketTrader.Payments.Persistence.Mongo\TicketTrader.Payments.Persistence.Mongo.csproj", "{6530E09B-A051-472E-955C-0C545574D829}"
EndProject
Project("{2150E333-8FDC-42A3-9474-1A3956D46DE8}") = "Deliveries", "Deliveries", "{04797AD1-66A9-4C4F-A8FA-FDD7377150DB}"
EndProject
Project("{9A19103F-16F7-4668-BE54-9A1E7A4F7556}") = "TicketTrader.Deliveries", "TicketTrader.Deliveries\TicketTrader.Deliveries.csproj", "{CADD98D8-C5DA-495F-A04F-BB50CA3CCA0B}"
EndProject
Project("{9A19103F-16F7-4668-BE54-9A1E7A4F7556}") = "TicketTrader.Deliveries.Canonical", "TicketTrader.Deliveries.Canonical\TicketTrader.Deliveries.Canonical.csproj", "{15447BF5-1534-4F93-8996-281EE5B1C0F8}"
EndProject
Project("{9A19103F-16F7-4668-BE54-9A1E7A4F7556}") = "TicketTrader.Deliveries.Host", "TicketTrader.Deliveries.Host\TicketTrader.Deliveries.Host.csproj", "{C25D0282-083C-4561-B6A7-E3DD3B6677FC}"
EndProject
Project("{9A19103F-16F7-4668-BE54-9A1E7A4F7556}") = "TicketTrader.Deliveries.Persistence.Mongo", "TicketTrader.Deliveries.Persistence.Mongo\TicketTrader.Deliveries.Persistence.Mongo.csproj", "{DC6373A4-E001-45A3-9F82-03A263280BB6}"
EndProject
Project("{9A19103F-16F7-4668-BE54-9A1E7A4F7556}") = "TicketTrader.Deliveries.Tests", "TicketTrader.Deliveries.Tests\TicketTrader.Deliveries.Tests.csproj", "{404EC520-DA50-4BFB-8909-107C33F9ECBD}"
EndProject
Project("{FAE04EC0-301F-11D3-BF4B-00C04F79EFBC}") = "TicketTrader.Orders.Canonical", "TicketTrader.Orders.Canonical\TicketTrader.Orders.Canonical.csproj", "{B0CACE2E-670E-4070-B040-ADE8716E7F5A}"
EndProject
Project("{FAE04EC0-301F-11D3-BF4B-00C04F79EFBC}") = "TicketTrader.Orders.Persistence.Mongo", "TicketTrader.Orders.Persistence.Mongo\TicketTrader.Orders.Persistence.Mongo.csproj", "{0714C1C1-A432-47A4-928B-04EA377CC3E5}"
EndProject
Project("{FAE04EC0-301F-11D3-BF4B-00C04F79EFBC}") = "TicketTrader.Orders.Host", "TicketTrader.Orders.Host\TicketTrader.Orders.Host.csproj", "{7BC5C94C-AD22-4F3E-A442-7BC4ADD4DBF3}"
EndProject
Global
	GlobalSection(SolutionConfigurationPlatforms) = preSolution
		Debug|Any CPU = Debug|Any CPU
		Release|Any CPU = Release|Any CPU
	EndGlobalSection
	GlobalSection(ProjectConfigurationPlatforms) = postSolution
		{A55175A8-00A9-40B9-BEEB-2199A0876396}.Debug|Any CPU.ActiveCfg = Debug|Any CPU
		{A55175A8-00A9-40B9-BEEB-2199A0876396}.Debug|Any CPU.Build.0 = Debug|Any CPU
		{A55175A8-00A9-40B9-BEEB-2199A0876396}.Release|Any CPU.ActiveCfg = Release|Any CPU
		{A55175A8-00A9-40B9-BEEB-2199A0876396}.Release|Any CPU.Build.0 = Release|Any CPU
		{23BCB132-CBE8-402C-8D5F-76572C191A95}.Debug|Any CPU.ActiveCfg = Debug|Any CPU
		{23BCB132-CBE8-402C-8D5F-76572C191A95}.Debug|Any CPU.Build.0 = Debug|Any CPU
		{23BCB132-CBE8-402C-8D5F-76572C191A95}.Release|Any CPU.ActiveCfg = Release|Any CPU
		{23BCB132-CBE8-402C-8D5F-76572C191A95}.Release|Any CPU.Build.0 = Release|Any CPU
		{AB78B349-C4AC-4481-923E-D02BCF48E881}.Debug|Any CPU.ActiveCfg = Debug|Any CPU
		{AB78B349-C4AC-4481-923E-D02BCF48E881}.Debug|Any CPU.Build.0 = Debug|Any CPU
		{AB78B349-C4AC-4481-923E-D02BCF48E881}.Release|Any CPU.ActiveCfg = Release|Any CPU
		{AB78B349-C4AC-4481-923E-D02BCF48E881}.Release|Any CPU.Build.0 = Release|Any CPU
		{66DF1559-D949-4D21-8B1A-409E43A3FE75}.Debug|Any CPU.ActiveCfg = Debug|Any CPU
		{66DF1559-D949-4D21-8B1A-409E43A3FE75}.Debug|Any CPU.Build.0 = Debug|Any CPU
		{66DF1559-D949-4D21-8B1A-409E43A3FE75}.Release|Any CPU.ActiveCfg = Release|Any CPU
		{66DF1559-D949-4D21-8B1A-409E43A3FE75}.Release|Any CPU.Build.0 = Release|Any CPU
		{C56777D1-7790-4111-AD78-4E8E68CF7F01}.Debug|Any CPU.ActiveCfg = Debug|Any CPU
		{C56777D1-7790-4111-AD78-4E8E68CF7F01}.Debug|Any CPU.Build.0 = Debug|Any CPU
		{C56777D1-7790-4111-AD78-4E8E68CF7F01}.Release|Any CPU.ActiveCfg = Release|Any CPU
		{C56777D1-7790-4111-AD78-4E8E68CF7F01}.Release|Any CPU.Build.0 = Release|Any CPU
		{A666B494-65BB-4454-8856-3C890D0F049F}.Debug|Any CPU.ActiveCfg = Debug|Any CPU
		{A666B494-65BB-4454-8856-3C890D0F049F}.Debug|Any CPU.Build.0 = Debug|Any CPU
		{A666B494-65BB-4454-8856-3C890D0F049F}.Release|Any CPU.ActiveCfg = Release|Any CPU
		{A666B494-65BB-4454-8856-3C890D0F049F}.Release|Any CPU.Build.0 = Release|Any CPU
		{1ACEC307-5AED-4816-AFE0-2C5B52204C02}.Debug|Any CPU.ActiveCfg = Debug|Any CPU
		{1ACEC307-5AED-4816-AFE0-2C5B52204C02}.Debug|Any CPU.Build.0 = Debug|Any CPU
		{1ACEC307-5AED-4816-AFE0-2C5B52204C02}.Release|Any CPU.ActiveCfg = Release|Any CPU
		{1ACEC307-5AED-4816-AFE0-2C5B52204C02}.Release|Any CPU.Build.0 = Release|Any CPU
		{7D97E85B-519D-49DF-B633-55CC18BD30C6}.Debug|Any CPU.ActiveCfg = Debug|Any CPU
		{7D97E85B-519D-49DF-B633-55CC18BD30C6}.Debug|Any CPU.Build.0 = Debug|Any CPU
		{7D97E85B-519D-49DF-B633-55CC18BD30C6}.Release|Any CPU.ActiveCfg = Release|Any CPU
		{7D97E85B-519D-49DF-B633-55CC18BD30C6}.Release|Any CPU.Build.0 = Release|Any CPU
		{ED8B3EB7-0393-47A3-A955-6F4F74081ECA}.Debug|Any CPU.ActiveCfg = Debug|Any CPU
		{ED8B3EB7-0393-47A3-A955-6F4F74081ECA}.Debug|Any CPU.Build.0 = Debug|Any CPU
		{ED8B3EB7-0393-47A3-A955-6F4F74081ECA}.Release|Any CPU.ActiveCfg = Release|Any CPU
		{ED8B3EB7-0393-47A3-A955-6F4F74081ECA}.Release|Any CPU.Build.0 = Release|Any CPU
		{2D8D1CDA-4622-42C2-B7E3-C5377C19DD01}.Debug|Any CPU.ActiveCfg = Debug|Any CPU
		{2D8D1CDA-4622-42C2-B7E3-C5377C19DD01}.Debug|Any CPU.Build.0 = Debug|Any CPU
		{2D8D1CDA-4622-42C2-B7E3-C5377C19DD01}.Release|Any CPU.ActiveCfg = Release|Any CPU
		{2D8D1CDA-4622-42C2-B7E3-C5377C19DD01}.Release|Any CPU.Build.0 = Release|Any CPU
		{EB84C3A7-F18C-480C-9D22-AF8D42BE7C99}.Debug|Any CPU.ActiveCfg = Debug|Any CPU
		{EB84C3A7-F18C-480C-9D22-AF8D42BE7C99}.Debug|Any CPU.Build.0 = Debug|Any CPU
		{EB84C3A7-F18C-480C-9D22-AF8D42BE7C99}.Release|Any CPU.ActiveCfg = Release|Any CPU
		{EB84C3A7-F18C-480C-9D22-AF8D42BE7C99}.Release|Any CPU.Build.0 = Release|Any CPU
		{3E4221C0-7E1E-45A1-9706-028F1712A08B}.Debug|Any CPU.ActiveCfg = Debug|Any CPU
		{3E4221C0-7E1E-45A1-9706-028F1712A08B}.Debug|Any CPU.Build.0 = Debug|Any CPU
		{3E4221C0-7E1E-45A1-9706-028F1712A08B}.Release|Any CPU.ActiveCfg = Release|Any CPU
		{3E4221C0-7E1E-45A1-9706-028F1712A08B}.Release|Any CPU.Build.0 = Release|Any CPU
		{350F0BA8-8910-4C8C-8F90-C6E6DDD69C75}.Debug|Any CPU.ActiveCfg = Debug|Any CPU
		{350F0BA8-8910-4C8C-8F90-C6E6DDD69C75}.Debug|Any CPU.Build.0 = Debug|Any CPU
		{350F0BA8-8910-4C8C-8F90-C6E6DDD69C75}.Release|Any CPU.ActiveCfg = Release|Any CPU
		{350F0BA8-8910-4C8C-8F90-C6E6DDD69C75}.Release|Any CPU.Build.0 = Release|Any CPU
		{1880B7DA-A713-49B2-8362-B43411D6342B}.Debug|Any CPU.ActiveCfg = Debug|Any CPU
		{1880B7DA-A713-49B2-8362-B43411D6342B}.Debug|Any CPU.Build.0 = Debug|Any CPU
		{1880B7DA-A713-49B2-8362-B43411D6342B}.Release|Any CPU.ActiveCfg = Release|Any CPU
		{1880B7DA-A713-49B2-8362-B43411D6342B}.Release|Any CPU.Build.0 = Release|Any CPU
		{1124434C-A658-4A2F-AE82-8AEE42B29FB6}.Debug|Any CPU.ActiveCfg = Debug|Any CPU
		{1124434C-A658-4A2F-AE82-8AEE42B29FB6}.Debug|Any CPU.Build.0 = Debug|Any CPU
		{1124434C-A658-4A2F-AE82-8AEE42B29FB6}.Release|Any CPU.ActiveCfg = Release|Any CPU
		{1124434C-A658-4A2F-AE82-8AEE42B29FB6}.Release|Any CPU.Build.0 = Release|Any CPU
		{1E5D798C-7F5D-4C9C-91E4-F0A366E5AAA0}.Debug|Any CPU.ActiveCfg = Debug|Any CPU
		{1E5D798C-7F5D-4C9C-91E4-F0A366E5AAA0}.Debug|Any CPU.Build.0 = Debug|Any CPU
		{1E5D798C-7F5D-4C9C-91E4-F0A366E5AAA0}.Release|Any CPU.ActiveCfg = Release|Any CPU
		{1E5D798C-7F5D-4C9C-91E4-F0A366E5AAA0}.Release|Any CPU.Build.0 = Release|Any CPU
		{95814170-3CBE-4FBE-BB16-BFD0900CB2DF}.Debug|Any CPU.ActiveCfg = Debug|Any CPU
		{95814170-3CBE-4FBE-BB16-BFD0900CB2DF}.Debug|Any CPU.Build.0 = Debug|Any CPU
		{95814170-3CBE-4FBE-BB16-BFD0900CB2DF}.Release|Any CPU.ActiveCfg = Release|Any CPU
		{95814170-3CBE-4FBE-BB16-BFD0900CB2DF}.Release|Any CPU.Build.0 = Release|Any CPU
		{CDA898D3-3316-4267-B3CB-85D217D407C8}.Debug|Any CPU.ActiveCfg = Debug|Any CPU
		{CDA898D3-3316-4267-B3CB-85D217D407C8}.Debug|Any CPU.Build.0 = Debug|Any CPU
		{CDA898D3-3316-4267-B3CB-85D217D407C8}.Release|Any CPU.ActiveCfg = Release|Any CPU
		{CDA898D3-3316-4267-B3CB-85D217D407C8}.Release|Any CPU.Build.0 = Release|Any CPU
		{B40BD316-1C0D-4430-8949-D9FFFE9EB473}.Debug|Any CPU.ActiveCfg = Debug|Any CPU
		{B40BD316-1C0D-4430-8949-D9FFFE9EB473}.Debug|Any CPU.Build.0 = Debug|Any CPU
		{B40BD316-1C0D-4430-8949-D9FFFE9EB473}.Release|Any CPU.ActiveCfg = Release|Any CPU
		{B40BD316-1C0D-4430-8949-D9FFFE9EB473}.Release|Any CPU.Build.0 = Release|Any CPU
		{EEEBF4D7-373E-4FB2-B92B-D4BD5F755E7E}.Debug|Any CPU.ActiveCfg = Debug|Any CPU
		{EEEBF4D7-373E-4FB2-B92B-D4BD5F755E7E}.Debug|Any CPU.Build.0 = Debug|Any CPU
		{EEEBF4D7-373E-4FB2-B92B-D4BD5F755E7E}.Release|Any CPU.ActiveCfg = Release|Any CPU
		{EEEBF4D7-373E-4FB2-B92B-D4BD5F755E7E}.Release|Any CPU.Build.0 = Release|Any CPU
		{B1357C2A-2678-49FD-919D-39295BE72F60}.Debug|Any CPU.ActiveCfg = Debug|Any CPU
		{B1357C2A-2678-49FD-919D-39295BE72F60}.Debug|Any CPU.Build.0 = Debug|Any CPU
		{B1357C2A-2678-49FD-919D-39295BE72F60}.Release|Any CPU.ActiveCfg = Release|Any CPU
		{B1357C2A-2678-49FD-919D-39295BE72F60}.Release|Any CPU.Build.0 = Release|Any CPU
		{EC89817A-F6F9-4DCE-8D70-CB3D478751A2}.Debug|Any CPU.ActiveCfg = Debug|Any CPU
		{EC89817A-F6F9-4DCE-8D70-CB3D478751A2}.Debug|Any CPU.Build.0 = Debug|Any CPU
		{EC89817A-F6F9-4DCE-8D70-CB3D478751A2}.Release|Any CPU.ActiveCfg = Release|Any CPU
		{EC89817A-F6F9-4DCE-8D70-CB3D478751A2}.Release|Any CPU.Build.0 = Release|Any CPU
		{74F2F440-7BC3-4C1B-964E-BF4BD19837AF}.Debug|Any CPU.ActiveCfg = Debug|Any CPU
		{74F2F440-7BC3-4C1B-964E-BF4BD19837AF}.Debug|Any CPU.Build.0 = Debug|Any CPU
		{74F2F440-7BC3-4C1B-964E-BF4BD19837AF}.Release|Any CPU.ActiveCfg = Release|Any CPU
		{74F2F440-7BC3-4C1B-964E-BF4BD19837AF}.Release|Any CPU.Build.0 = Release|Any CPU
		{00E05473-A014-4057-8F98-2758E0F2BAAE}.Debug|Any CPU.ActiveCfg = Debug|Any CPU
		{00E05473-A014-4057-8F98-2758E0F2BAAE}.Debug|Any CPU.Build.0 = Debug|Any CPU
		{00E05473-A014-4057-8F98-2758E0F2BAAE}.Release|Any CPU.ActiveCfg = Release|Any CPU
		{00E05473-A014-4057-8F98-2758E0F2BAAE}.Release|Any CPU.Build.0 = Release|Any CPU
		{4D11DC85-E117-4E7B-B5DA-8C3163BD0D4D}.Debug|Any CPU.ActiveCfg = Debug|Any CPU
		{4D11DC85-E117-4E7B-B5DA-8C3163BD0D4D}.Debug|Any CPU.Build.0 = Debug|Any CPU
		{4D11DC85-E117-4E7B-B5DA-8C3163BD0D4D}.Release|Any CPU.ActiveCfg = Release|Any CPU
		{4D11DC85-E117-4E7B-B5DA-8C3163BD0D4D}.Release|Any CPU.Build.0 = Release|Any CPU
		{98E4980D-16C8-4779-9E40-2DAA29EC1260}.Debug|Any CPU.ActiveCfg = Debug|Any CPU
		{98E4980D-16C8-4779-9E40-2DAA29EC1260}.Debug|Any CPU.Build.0 = Debug|Any CPU
		{98E4980D-16C8-4779-9E40-2DAA29EC1260}.Release|Any CPU.ActiveCfg = Release|Any CPU
		{98E4980D-16C8-4779-9E40-2DAA29EC1260}.Release|Any CPU.Build.0 = Release|Any CPU
		{E1596E5F-C922-4C31-BA88-E59A84AC00EC}.Debug|Any CPU.ActiveCfg = Debug|Any CPU
		{E1596E5F-C922-4C31-BA88-E59A84AC00EC}.Debug|Any CPU.Build.0 = Debug|Any CPU
		{E1596E5F-C922-4C31-BA88-E59A84AC00EC}.Release|Any CPU.ActiveCfg = Release|Any CPU
		{E1596E5F-C922-4C31-BA88-E59A84AC00EC}.Release|Any CPU.Build.0 = Release|Any CPU
		{5AD0B9EE-B403-41BA-B085-89DC8213656F}.Debug|Any CPU.ActiveCfg = Debug|Any CPU
		{5AD0B9EE-B403-41BA-B085-89DC8213656F}.Debug|Any CPU.Build.0 = Debug|Any CPU
		{5AD0B9EE-B403-41BA-B085-89DC8213656F}.Release|Any CPU.ActiveCfg = Release|Any CPU
		{5AD0B9EE-B403-41BA-B085-89DC8213656F}.Release|Any CPU.Build.0 = Release|Any CPU
		{B8E4094F-CC13-45D9-8D24-09645D7CC1CC}.Debug|Any CPU.ActiveCfg = Debug|Any CPU
		{B8E4094F-CC13-45D9-8D24-09645D7CC1CC}.Debug|Any CPU.Build.0 = Debug|Any CPU
		{B8E4094F-CC13-45D9-8D24-09645D7CC1CC}.Release|Any CPU.ActiveCfg = Release|Any CPU
		{B8E4094F-CC13-45D9-8D24-09645D7CC1CC}.Release|Any CPU.Build.0 = Release|Any CPU
		{92923210-FEBA-4127-8EBD-25A7F79B91A5}.Debug|Any CPU.ActiveCfg = Debug|Any CPU
		{92923210-FEBA-4127-8EBD-25A7F79B91A5}.Debug|Any CPU.Build.0 = Debug|Any CPU
		{92923210-FEBA-4127-8EBD-25A7F79B91A5}.Release|Any CPU.ActiveCfg = Release|Any CPU
		{92923210-FEBA-4127-8EBD-25A7F79B91A5}.Release|Any CPU.Build.0 = Release|Any CPU
		{787C45FF-37CA-4B23-BA60-67FD539DD46A}.Debug|Any CPU.ActiveCfg = Debug|Any CPU
		{787C45FF-37CA-4B23-BA60-67FD539DD46A}.Debug|Any CPU.Build.0 = Debug|Any CPU
		{787C45FF-37CA-4B23-BA60-67FD539DD46A}.Release|Any CPU.ActiveCfg = Release|Any CPU
		{787C45FF-37CA-4B23-BA60-67FD539DD46A}.Release|Any CPU.Build.0 = Release|Any CPU
		{30DCE82D-CC9E-4C91-9E2F-E310A5942375}.Debug|Any CPU.ActiveCfg = Debug|Any CPU
		{30DCE82D-CC9E-4C91-9E2F-E310A5942375}.Debug|Any CPU.Build.0 = Debug|Any CPU
		{30DCE82D-CC9E-4C91-9E2F-E310A5942375}.Release|Any CPU.ActiveCfg = Release|Any CPU
		{30DCE82D-CC9E-4C91-9E2F-E310A5942375}.Release|Any CPU.Build.0 = Release|Any CPU
		{6530E09B-A051-472E-955C-0C545574D829}.Debug|Any CPU.ActiveCfg = Debug|Any CPU
		{6530E09B-A051-472E-955C-0C545574D829}.Debug|Any CPU.Build.0 = Debug|Any CPU
		{6530E09B-A051-472E-955C-0C545574D829}.Release|Any CPU.ActiveCfg = Release|Any CPU
		{6530E09B-A051-472E-955C-0C545574D829}.Release|Any CPU.Build.0 = Release|Any CPU
		{CADD98D8-C5DA-495F-A04F-BB50CA3CCA0B}.Debug|Any CPU.ActiveCfg = Debug|Any CPU
		{CADD98D8-C5DA-495F-A04F-BB50CA3CCA0B}.Debug|Any CPU.Build.0 = Debug|Any CPU
		{CADD98D8-C5DA-495F-A04F-BB50CA3CCA0B}.Release|Any CPU.ActiveCfg = Release|Any CPU
		{CADD98D8-C5DA-495F-A04F-BB50CA3CCA0B}.Release|Any CPU.Build.0 = Release|Any CPU
		{15447BF5-1534-4F93-8996-281EE5B1C0F8}.Debug|Any CPU.ActiveCfg = Debug|Any CPU
		{15447BF5-1534-4F93-8996-281EE5B1C0F8}.Debug|Any CPU.Build.0 = Debug|Any CPU
		{15447BF5-1534-4F93-8996-281EE5B1C0F8}.Release|Any CPU.ActiveCfg = Release|Any CPU
		{15447BF5-1534-4F93-8996-281EE5B1C0F8}.Release|Any CPU.Build.0 = Release|Any CPU
		{C25D0282-083C-4561-B6A7-E3DD3B6677FC}.Debug|Any CPU.ActiveCfg = Debug|Any CPU
		{C25D0282-083C-4561-B6A7-E3DD3B6677FC}.Debug|Any CPU.Build.0 = Debug|Any CPU
		{C25D0282-083C-4561-B6A7-E3DD3B6677FC}.Release|Any CPU.ActiveCfg = Release|Any CPU
		{C25D0282-083C-4561-B6A7-E3DD3B6677FC}.Release|Any CPU.Build.0 = Release|Any CPU
		{DC6373A4-E001-45A3-9F82-03A263280BB6}.Debug|Any CPU.ActiveCfg = Debug|Any CPU
		{DC6373A4-E001-45A3-9F82-03A263280BB6}.Debug|Any CPU.Build.0 = Debug|Any CPU
		{DC6373A4-E001-45A3-9F82-03A263280BB6}.Release|Any CPU.ActiveCfg = Release|Any CPU
		{DC6373A4-E001-45A3-9F82-03A263280BB6}.Release|Any CPU.Build.0 = Release|Any CPU
		{404EC520-DA50-4BFB-8909-107C33F9ECBD}.Debug|Any CPU.ActiveCfg = Debug|Any CPU
		{404EC520-DA50-4BFB-8909-107C33F9ECBD}.Debug|Any CPU.Build.0 = Debug|Any CPU
		{404EC520-DA50-4BFB-8909-107C33F9ECBD}.Release|Any CPU.ActiveCfg = Release|Any CPU
		{404EC520-DA50-4BFB-8909-107C33F9ECBD}.Release|Any CPU.Build.0 = Release|Any CPU
		{B0CACE2E-670E-4070-B040-ADE8716E7F5A}.Debug|Any CPU.ActiveCfg = Debug|Any CPU
		{B0CACE2E-670E-4070-B040-ADE8716E7F5A}.Debug|Any CPU.Build.0 = Debug|Any CPU
		{B0CACE2E-670E-4070-B040-ADE8716E7F5A}.Release|Any CPU.ActiveCfg = Release|Any CPU
		{B0CACE2E-670E-4070-B040-ADE8716E7F5A}.Release|Any CPU.Build.0 = Release|Any CPU
		{0714C1C1-A432-47A4-928B-04EA377CC3E5}.Debug|Any CPU.ActiveCfg = Debug|Any CPU
		{0714C1C1-A432-47A4-928B-04EA377CC3E5}.Debug|Any CPU.Build.0 = Debug|Any CPU
		{0714C1C1-A432-47A4-928B-04EA377CC3E5}.Release|Any CPU.ActiveCfg = Release|Any CPU
		{0714C1C1-A432-47A4-928B-04EA377CC3E5}.Release|Any CPU.Build.0 = Release|Any CPU
		{7BC5C94C-AD22-4F3E-A442-7BC4ADD4DBF3}.Debug|Any CPU.ActiveCfg = Debug|Any CPU
		{7BC5C94C-AD22-4F3E-A442-7BC4ADD4DBF3}.Debug|Any CPU.Build.0 = Debug|Any CPU
		{7BC5C94C-AD22-4F3E-A442-7BC4ADD4DBF3}.Release|Any CPU.ActiveCfg = Release|Any CPU
		{7BC5C94C-AD22-4F3E-A442-7BC4ADD4DBF3}.Release|Any CPU.Build.0 = Release|Any CPU
	EndGlobalSection
	GlobalSection(SolutionProperties) = preSolution
		HideSolutionNode = FALSE
	EndGlobalSection
	GlobalSection(NestedProjects) = preSolution
		{A55175A8-00A9-40B9-BEEB-2199A0876396} = {B42CB026-24E1-4832-A35E-B5B3822E7770}
		{AB78B349-C4AC-4481-923E-D02BCF48E881} = {B42CB026-24E1-4832-A35E-B5B3822E7770}
		{66DF1559-D949-4D21-8B1A-409E43A3FE75} = {B42CB026-24E1-4832-A35E-B5B3822E7770}
		{C56777D1-7790-4111-AD78-4E8E68CF7F01} = {B42CB026-24E1-4832-A35E-B5B3822E7770}
		{F327FA00-A0F4-403F-AF1B-384BF09119B7} = {3181434B-8045-4768-A4DB-D202D83BD30E}
		{A666B494-65BB-4454-8856-3C890D0F049F} = {B42CB026-24E1-4832-A35E-B5B3822E7770}
		{3775C52D-8F36-4038-8D1A-7AF557B9E7D0} = {F8941931-4BB8-40B0-B380-579D2B6BE623}
		{792102B0-272E-4915-ADAB-4914A55541B0} = {F8941931-4BB8-40B0-B380-579D2B6BE623}
		{1ACEC307-5AED-4816-AFE0-2C5B52204C02} = {792102B0-272E-4915-ADAB-4914A55541B0}
		{7D97E85B-519D-49DF-B633-55CC18BD30C6} = {792102B0-272E-4915-ADAB-4914A55541B0}
		{ED8B3EB7-0393-47A3-A955-6F4F74081ECA} = {792102B0-272E-4915-ADAB-4914A55541B0}
		{CD75D55B-0CA2-4D6E-8A72-55A14DAAA162} = {F8941931-4BB8-40B0-B380-579D2B6BE623}
		{2D8D1CDA-4622-42C2-B7E3-C5377C19DD01} = {CD75D55B-0CA2-4D6E-8A72-55A14DAAA162}
		{EB84C3A7-F18C-480C-9D22-AF8D42BE7C99} = {CD75D55B-0CA2-4D6E-8A72-55A14DAAA162}
		{3E4221C0-7E1E-45A1-9706-028F1712A08B} = {3775C52D-8F36-4038-8D1A-7AF557B9E7D0}
		{350F0BA8-8910-4C8C-8F90-C6E6DDD69C75} = {CD75D55B-0CA2-4D6E-8A72-55A14DAAA162}
		{1880B7DA-A713-49B2-8362-B43411D6342B} = {B42CB026-24E1-4832-A35E-B5B3822E7770}
		{1124434C-A658-4A2F-AE82-8AEE42B29FB6} = {F327FA00-A0F4-403F-AF1B-384BF09119B7}
		{1E5D798C-7F5D-4C9C-91E4-F0A366E5AAA0} = {F327FA00-A0F4-403F-AF1B-384BF09119B7}
		{95814170-3CBE-4FBE-BB16-BFD0900CB2DF} = {3775C52D-8F36-4038-8D1A-7AF557B9E7D0}
		{CDA898D3-3316-4267-B3CB-85D217D407C8} = {792102B0-272E-4915-ADAB-4914A55541B0}
		{B40BD316-1C0D-4430-8949-D9FFFE9EB473} = {792102B0-272E-4915-ADAB-4914A55541B0}
		{EEEBF4D7-373E-4FB2-B92B-D4BD5F755E7E} = {CD75D55B-0CA2-4D6E-8A72-55A14DAAA162}
		{6FDD80B1-F78B-4DEE-86E9-CDA34F378545} = {F8941931-4BB8-40B0-B380-579D2B6BE623}
		{59D424F5-BEAC-4723-9035-DC1F8EAF8E2C} = {F8941931-4BB8-40B0-B380-579D2B6BE623}
		{B1357C2A-2678-49FD-919D-39295BE72F60} = {59D424F5-BEAC-4723-9035-DC1F8EAF8E2C}
		{EC89817A-F6F9-4DCE-8D70-CB3D478751A2} = {59D424F5-BEAC-4723-9035-DC1F8EAF8E2C}
		{74F2F440-7BC3-4C1B-964E-BF4BD19837AF} = {6FDD80B1-F78B-4DEE-86E9-CDA34F378545}
		{00E05473-A014-4057-8F98-2758E0F2BAAE} = {6FDD80B1-F78B-4DEE-86E9-CDA34F378545}
		{4D11DC85-E117-4E7B-B5DA-8C3163BD0D4D} = {CD75D55B-0CA2-4D6E-8A72-55A14DAAA162}
		{98E4980D-16C8-4779-9E40-2DAA29EC1260} = {6FDD80B1-F78B-4DEE-86E9-CDA34F378545}
		{E1596E5F-C922-4C31-BA88-E59A84AC00EC} = {B42CB026-24E1-4832-A35E-B5B3822E7770}
		{5AD0B9EE-B403-41BA-B085-89DC8213656F} = {CD75D55B-0CA2-4D6E-8A72-55A14DAAA162}
		{B8E4094F-CC13-45D9-8D24-09645D7CC1CC} = {6FDD80B1-F78B-4DEE-86E9-CDA34F378545}
		{92923210-FEBA-4127-8EBD-25A7F79B91A5} = {6FDD80B1-F78B-4DEE-86E9-CDA34F378545}
		{787C45FF-37CA-4B23-BA60-67FD539DD46A} = {3775C52D-8F36-4038-8D1A-7AF557B9E7D0}
		{30DCE82D-CC9E-4C91-9E2F-E310A5942375} = {3775C52D-8F36-4038-8D1A-7AF557B9E7D0}
		{6530E09B-A051-472E-955C-0C545574D829} = {3775C52D-8F36-4038-8D1A-7AF557B9E7D0}
		{04797AD1-66A9-4C4F-A8FA-FDD7377150DB} = {F8941931-4BB8-40B0-B380-579D2B6BE623}
		{CADD98D8-C5DA-495F-A04F-BB50CA3CCA0B} = {04797AD1-66A9-4C4F-A8FA-FDD7377150DB}
		{15447BF5-1534-4F93-8996-281EE5B1C0F8} = {04797AD1-66A9-4C4F-A8FA-FDD7377150DB}
		{C25D0282-083C-4561-B6A7-E3DD3B6677FC} = {04797AD1-66A9-4C4F-A8FA-FDD7377150DB}
		{DC6373A4-E001-45A3-9F82-03A263280BB6} = {04797AD1-66A9-4C4F-A8FA-FDD7377150DB}
		{404EC520-DA50-4BFB-8909-107C33F9ECBD} = {04797AD1-66A9-4C4F-A8FA-FDD7377150DB}
		{B0CACE2E-670E-4070-B040-ADE8716E7F5A} = {59D424F5-BEAC-4723-9035-DC1F8EAF8E2C}
		{0714C1C1-A432-47A4-928B-04EA377CC3E5} = {59D424F5-BEAC-4723-9035-DC1F8EAF8E2C}
		{7BC5C94C-AD22-4F3E-A442-7BC4ADD4DBF3} = {59D424F5-BEAC-4723-9035-DC1F8EAF8E2C}
	EndGlobalSection
	GlobalSection(ExtensibilityGlobals) = postSolution
		SolutionGuid = {600C624C-0BAE-4CB7-8449-42B93842BC56}
	EndGlobalSection
EndGlobal
